
Microsoft Visual Studio Solution File, Format Version 12.00
# Visual Studio Version 17
VisualStudioVersion = 17.0.32014.148
MinimumVisualStudioVersion = 10.0.40219.1
Project("{8BC9CEB8-8B4A-11D0-8D11-00A0C91BC942}") = "GameEngineBase", "GameEngineBase\GameEngineBase.vcxproj", "{33315545-4554-4677-8527-7C61BEDA9CF4}"
EndProject
Project("{2150E333-8FDC-42A3-9474-1A3956D46DE8}") = "Level0", "Level0", "{7BB0694E-4040-43B0-8FBB-5DD773CCA42C}"
EndProject
Project("{2150E333-8FDC-42A3-9474-1A3956D46DE8}") = "Level5", "Level5", "{5ABE74F9-610B-45F9-AF87-2C4AE533DC89}"
EndProject
Project("{8BC9CEB8-8B4A-11D0-8D11-00A0C91BC942}") = "MapleStory", "MapleStory\MapleStory.vcxproj", "{A5BCF375-3DF8-4387-AFEE-28EDF3117BC0}"
	ProjectSection(ProjectDependencies) = postProject
		{33315545-4554-4677-8527-7C61BEDA9CF4} = {33315545-4554-4677-8527-7C61BEDA9CF4}
		{0D143CBD-F9FD-4345-ACAB-083421FC48DE} = {0D143CBD-F9FD-4345-ACAB-083421FC48DE}
		{056025FA-EE6B-4D5A-A2F0-CA4FC17C0C6E} = {056025FA-EE6B-4D5A-A2F0-CA4FC17C0C6E}
	EndProjectSection
EndProject
Project("{2150E333-8FDC-42A3-9474-1A3956D46DE8}") = "Level1", "Level1", "{22AA27E8-F89B-47E2-90BC-8BF9AF8298E5}"
EndProject
Project("{2150E333-8FDC-42A3-9474-1A3956D46DE8}") = "Level2", "Level2", "{77828CD6-2C50-4F36-A75A-129D63452EAD}"
EndProject
Project("{8BC9CEB8-8B4A-11D0-8D11-00A0C91BC942}") = "GameEngineCore", "GameEngineCore\GameEngineCore.vcxproj", "{056025FA-EE6B-4D5A-A2F0-CA4FC17C0C6E}"
	ProjectSection(ProjectDependencies) = postProject
		{33315545-4554-4677-8527-7C61BEDA9CF4} = {33315545-4554-4677-8527-7C61BEDA9CF4}
	EndProjectSection
EndProject
Project("{8BC9CEB8-8B4A-11D0-8D11-00A0C91BC942}") = "GameEngineContents", "GameEngineContents\GameEngineContents.vcxproj", "{0D143CBD-F9FD-4345-ACAB-083421FC48DE}"
	ProjectSection(ProjectDependencies) = postProject
		{33315545-4554-4677-8527-7C61BEDA9CF4} = {33315545-4554-4677-8527-7C61BEDA9CF4}
		{056025FA-EE6B-4D5A-A2F0-CA4FC17C0C6E} = {056025FA-EE6B-4D5A-A2F0-CA4FC17C0C6E}
	EndProjectSection
EndProject
Project("{8BC9CEB8-8B4A-11D0-8D11-00A0C91BC942}") = "GameEngineShader", "GameEngineResources\GameEngineShader\GameEngineShader.vcxproj", "{688CB3C2-7CC3-4E51-B028-9614041DA912}"
EndProject
Global
	GlobalSection(SolutionConfigurationPlatforms) = preSolution
		Debug|x64 = Debug|x64
		Debug|x86 = Debug|x86
		Release|x64 = Release|x64
		Release|x86 = Release|x86
	EndGlobalSection
	GlobalSection(ProjectConfigurationPlatforms) = postSolution
		{33315545-4554-4677-8527-7C61BEDA9CF4}.Debug|x64.ActiveCfg = Debug|x64
		{33315545-4554-4677-8527-7C61BEDA9CF4}.Debug|x64.Build.0 = Debug|x64
		{33315545-4554-4677-8527-7C61BEDA9CF4}.Debug|x86.ActiveCfg = Debug|Win32
		{33315545-4554-4677-8527-7C61BEDA9CF4}.Debug|x86.Build.0 = Debug|Win32
		{33315545-4554-4677-8527-7C61BEDA9CF4}.Release|x64.ActiveCfg = Release|x64
		{33315545-4554-4677-8527-7C61BEDA9CF4}.Release|x64.Build.0 = Release|x64
		{33315545-4554-4677-8527-7C61BEDA9CF4}.Release|x86.ActiveCfg = Release|Win32
		{33315545-4554-4677-8527-7C61BEDA9CF4}.Release|x86.Build.0 = Release|Win32
		{A5BCF375-3DF8-4387-AFEE-28EDF3117BC0}.Debug|x64.ActiveCfg = Debug|x64
		{A5BCF375-3DF8-4387-AFEE-28EDF3117BC0}.Debug|x64.Build.0 = Debug|x64
		{A5BCF375-3DF8-4387-AFEE-28EDF3117BC0}.Debug|x86.ActiveCfg = Debug|Win32
		{A5BCF375-3DF8-4387-AFEE-28EDF3117BC0}.Debug|x86.Build.0 = Debug|Win32
		{A5BCF375-3DF8-4387-AFEE-28EDF3117BC0}.Release|x64.ActiveCfg = Release|x64
		{A5BCF375-3DF8-4387-AFEE-28EDF3117BC0}.Release|x64.Build.0 = Release|x64
		{A5BCF375-3DF8-4387-AFEE-28EDF3117BC0}.Release|x86.ActiveCfg = Release|Win32
		{A5BCF375-3DF8-4387-AFEE-28EDF3117BC0}.Release|x86.Build.0 = Release|Win32
		{056025FA-EE6B-4D5A-A2F0-CA4FC17C0C6E}.Debug|x64.ActiveCfg = Debug|x64
		{056025FA-EE6B-4D5A-A2F0-CA4FC17C0C6E}.Debug|x64.Build.0 = Debug|x64
		{056025FA-EE6B-4D5A-A2F0-CA4FC17C0C6E}.Debug|x86.ActiveCfg = Debug|Win32
		{056025FA-EE6B-4D5A-A2F0-CA4FC17C0C6E}.Debug|x86.Build.0 = Debug|Win32
		{056025FA-EE6B-4D5A-A2F0-CA4FC17C0C6E}.Release|x64.ActiveCfg = Release|x64
		{056025FA-EE6B-4D5A-A2F0-CA4FC17C0C6E}.Release|x64.Build.0 = Release|x64
		{056025FA-EE6B-4D5A-A2F0-CA4FC17C0C6E}.Release|x86.ActiveCfg = Release|Win32
		{056025FA-EE6B-4D5A-A2F0-CA4FC17C0C6E}.Release|x86.Build.0 = Release|Win32
		{0D143CBD-F9FD-4345-ACAB-083421FC48DE}.Debug|x64.ActiveCfg = Debug|x64
		{0D143CBD-F9FD-4345-ACAB-083421FC48DE}.Debug|x64.Build.0 = Debug|x64
		{0D143CBD-F9FD-4345-ACAB-083421FC48DE}.Debug|x86.ActiveCfg = Debug|Win32
		{0D143CBD-F9FD-4345-ACAB-083421FC48DE}.Debug|x86.Build.0 = Debug|Win32
		{0D143CBD-F9FD-4345-ACAB-083421FC48DE}.Release|x64.ActiveCfg = Release|x64
		{0D143CBD-F9FD-4345-ACAB-083421FC48DE}.Release|x64.Build.0 = Release|x64
		{0D143CBD-F9FD-4345-ACAB-083421FC48DE}.Release|x86.ActiveCfg = Release|Win32
		{0D143CBD-F9FD-4345-ACAB-083421FC48DE}.Release|x86.Build.0 = Release|Win32
		{688CB3C2-7CC3-4E51-B028-9614041DA912}.Debug|x64.ActiveCfg = Debug|x64
		{688CB3C2-7CC3-4E51-B028-9614041DA912}.Debug|x64.Build.0 = Debug|x64
		{688CB3C2-7CC3-4E51-B028-9614041DA912}.Debug|x86.ActiveCfg = Debug|Win32
		{688CB3C2-7CC3-4E51-B028-9614041DA912}.Debug|x86.Build.0 = Debug|Win32
		{688CB3C2-7CC3-4E51-B028-9614041DA912}.Release|x64.ActiveCfg = Release|x64
		{688CB3C2-7CC3-4E51-B028-9614041DA912}.Release|x64.Build.0 = Release|x64
		{688CB3C2-7CC3-4E51-B028-9614041DA912}.Release|x86.ActiveCfg = Release|Win32
		{688CB3C2-7CC3-4E51-B028-9614041DA912}.Release|x86.Build.0 = Release|Win32
	EndGlobalSection
	GlobalSection(SolutionProperties) = preSolution
		HideSolutionNode = FALSE
	EndGlobalSection
	GlobalSection(NestedProjects) = preSolution
		{33315545-4554-4677-8527-7C61BEDA9CF4} = {7BB0694E-4040-43B0-8FBB-5DD773CCA42C}
		{A5BCF375-3DF8-4387-AFEE-28EDF3117BC0} = {5ABE74F9-610B-45F9-AF87-2C4AE533DC89}
		{056025FA-EE6B-4D5A-A2F0-CA4FC17C0C6E} = {22AA27E8-F89B-47E2-90BC-8BF9AF8298E5}
		{0D143CBD-F9FD-4345-ACAB-083421FC48DE} = {77828CD6-2C50-4F36-A75A-129D63452EAD}
		{688CB3C2-7CC3-4E51-B028-9614041DA912} = {22AA27E8-F89B-47E2-90BC-8BF9AF8298E5}
	EndGlobalSection
	GlobalSection(ExtensibilityGlobals) = postSolution
		SolutionGuid = {8E02E4A0-5BBA-4C44-ABDF-F10A6F33397E}
	EndGlobalSection
EndGlobal
